
Microsoft Visual Studio Solution File, Format Version 12.00
# Visual Studio Version 17
VisualStudioVersion = 17.6.33829.357
MinimumVisualStudioVersion = 10.0.40219.1
Project("{FAE04EC0-301F-11D3-BF4B-00C04F79EFBC}") = "UIElement", "UIElement\UIElement.csproj", "{04810F9E-7373-4069-8FE5-A860BB734FDD}"
EndProject
Global
	GlobalSection(SolutionConfigurationPlatforms) = preSolution
		Debug|Any CPU = Debug|Any CPU
		Release|Any CPU = Release|Any CPU
	EndGlobalSection
	GlobalSection(ProjectConfigurationPlatforms) = postSolution
		{04810F9E-7373-4069-8FE5-A860BB734FDD}.Debug|Any CPU.ActiveCfg = Debug|Any CPU
		{04810F9E-7373-4069-8FE5-A860BB734FDD}.Debug|Any CPU.Build.0 = Debug|Any CPU
		{04810F9E-7373-4069-8FE5-A860BB734FDD}.Release|Any CPU.ActiveCfg = Release|Any CPU
		{04810F9E-7373-4069-8FE5-A860BB734FDD}.Release|Any CPU.Build.0 = Release|Any CPU
	EndGlobalSection
	GlobalSection(SolutionProperties) = preSolution
		HideSolutionNode = FALSE
	EndGlobalSection
	GlobalSection(ExtensibilityGlobals) = postSolution
		SolutionGuid = {7944C199-9CF0-43D6-97E0-88F69D74E8AF}
	EndGlobalSection
EndGlobal
